
Microsoft Visual Studio Solution File, Format Version 12.00
# Visual Studio Version 17
VisualStudioVersion = 17.0.32014.148
MinimumVisualStudioVersion = 10.0.40219.1
Project("{FAE04EC0-301F-11D3-BF4B-00C04F79EFBC}") = "Quizzator.Wcf", "Quizzator.Wcf\Quizzator.Wcf.csproj", "{EAD55AD6-324E-4863-8387-4261E9555A54}"
EndProject
Project("{FAE04EC0-301F-11D3-BF4B-00C04F79EFBC}") = "Quizzator.Dtos", "Quizzator.Dtos\Quizzator.Dtos.csproj", "{3BF6736B-25CC-4C9B-8CE9-43CED35CDDD3}"
EndProject
Project("{FAE04EC0-301F-11D3-BF4B-00C04F79EFBC}") = "Quizzator.Persistance", "Quizzator.Persistance\Quizzator.Persistance.csproj", "{B4378A7B-9942-457E-A8D4-EBA13EED1274}"
EndProject
Project("{FAE04EC0-301F-11D3-BF4B-00C04F79EFBC}") = "Quizzator.Models", "Quizzator.Models\Quizzator.Models.csproj", "{5828FB68-DA8B-4D09-B202-2F1A5FB14581}"
EndProject
Global
	GlobalSection(SolutionConfigurationPlatforms) = preSolution
		Debug|Any CPU = Debug|Any CPU
		Release|Any CPU = Release|Any CPU
	EndGlobalSection
	GlobalSection(ProjectConfigurationPlatforms) = postSolution
		{EAD55AD6-324E-4863-8387-4261E9555A54}.Debug|Any CPU.ActiveCfg = Debug|Any CPU
		{EAD55AD6-324E-4863-8387-4261E9555A54}.Debug|Any CPU.Build.0 = Debug|Any CPU
		{EAD55AD6-324E-4863-8387-4261E9555A54}.Release|Any CPU.ActiveCfg = Release|Any CPU
		{EAD55AD6-324E-4863-8387-4261E9555A54}.Release|Any CPU.Build.0 = Release|Any CPU
		{3BF6736B-25CC-4C9B-8CE9-43CED35CDDD3}.Debug|Any CPU.ActiveCfg = Debug|Any CPU
		{3BF6736B-25CC-4C9B-8CE9-43CED35CDDD3}.Debug|Any CPU.Build.0 = Debug|Any CPU
		{3BF6736B-25CC-4C9B-8CE9-43CED35CDDD3}.Release|Any CPU.ActiveCfg = Release|Any CPU
		{3BF6736B-25CC-4C9B-8CE9-43CED35CDDD3}.Release|Any CPU.Build.0 = Release|Any CPU
		{B4378A7B-9942-457E-A8D4-EBA13EED1274}.Debug|Any CPU.ActiveCfg = Debug|Any CPU
		{B4378A7B-9942-457E-A8D4-EBA13EED1274}.Debug|Any CPU.Build.0 = Debug|Any CPU
		{B4378A7B-9942-457E-A8D4-EBA13EED1274}.Release|Any CPU.ActiveCfg = Release|Any CPU
		{B4378A7B-9942-457E-A8D4-EBA13EED1274}.Release|Any CPU.Build.0 = Release|Any CPU
		{5828FB68-DA8B-4D09-B202-2F1A5FB14581}.Debug|Any CPU.ActiveCfg = Debug|Any CPU
		{5828FB68-DA8B-4D09-B202-2F1A5FB14581}.Debug|Any CPU.Build.0 = Debug|Any CPU
		{5828FB68-DA8B-4D09-B202-2F1A5FB14581}.Release|Any CPU.ActiveCfg = Release|Any CPU
		{5828FB68-DA8B-4D09-B202-2F1A5FB14581}.Release|Any CPU.Build.0 = Release|Any CPU
	EndGlobalSection
	GlobalSection(SolutionProperties) = preSolution
		HideSolutionNode = FALSE
	EndGlobalSection
	GlobalSection(ExtensibilityGlobals) = postSolution
		SolutionGuid = {F89E60A0-EC7C-44E1-87D4-86DF6895A3A9}
	EndGlobalSection
EndGlobal
